
Microsoft Visual Studio Solution File, Format Version 12.00
# Visual Studio Version 17
VisualStudioVersion = 17.7.34202.233
MinimumVisualStudioVersion = 10.0.40219.1
Project("{FAE04EC0-301F-11D3-BF4B-00C04F79EFBC}") = "BlazorLogin.Server", "Server\BlazorLogin.Server.csproj", "{F88B617E-7FD6-45AF-94C0-48DDF8290B73}"
EndProject
Project("{FAE04EC0-301F-11D3-BF4B-00C04F79EFBC}") = "BlazorLogin.Client", "Client\BlazorLogin.Client.csproj", "{F9DB6415-7A4D-4900-B44F-7A184499FB14}"
EndProject
Project("{FAE04EC0-301F-11D3-BF4B-00C04F79EFBC}") = "BlazorLogin.Shared", "Shared\BlazorLogin.Shared.csproj", "{A36DD564-245B-4BE3-A0DF-0DE2E7183A5D}"
EndProject
Global
	GlobalSection(SolutionConfigurationPlatforms) = preSolution
		Debug|Any CPU = Debug|Any CPU
		Release|Any CPU = Release|Any CPU
	EndGlobalSection
	GlobalSection(ProjectConfigurationPlatforms) = postSolution
		{F88B617E-7FD6-45AF-94C0-48DDF8290B73}.Debug|Any CPU.ActiveCfg = Debug|Any CPU
		{F88B617E-7FD6-45AF-94C0-48DDF8290B73}.Debug|Any CPU.Build.0 = Debug|Any CPU
		{F88B617E-7FD6-45AF-94C0-48DDF8290B73}.Release|Any CPU.ActiveCfg = Release|Any CPU
		{F88B617E-7FD6-45AF-94C0-48DDF8290B73}.Release|Any CPU.Build.0 = Release|Any CPU
		{F9DB6415-7A4D-4900-B44F-7A184499FB14}.Debug|Any CPU.ActiveCfg = Debug|Any CPU
		{F9DB6415-7A4D-4900-B44F-7A184499FB14}.Debug|Any CPU.Build.0 = Debug|Any CPU
		{F9DB6415-7A4D-4900-B44F-7A184499FB14}.Release|Any CPU.ActiveCfg = Release|Any CPU
		{F9DB6415-7A4D-4900-B44F-7A184499FB14}.Release|Any CPU.Build.0 = Release|Any CPU
		{A36DD564-245B-4BE3-A0DF-0DE2E7183A5D}.Debug|Any CPU.ActiveCfg = Debug|Any CPU
		{A36DD564-245B-4BE3-A0DF-0DE2E7183A5D}.Debug|Any CPU.Build.0 = Debug|Any CPU
		{A36DD564-245B-4BE3-A0DF-0DE2E7183A5D}.Release|Any CPU.ActiveCfg = Release|Any CPU
		{A36DD564-245B-4BE3-A0DF-0DE2E7183A5D}.Release|Any CPU.Build.0 = Release|Any CPU
	EndGlobalSection
	GlobalSection(SolutionProperties) = preSolution
		HideSolutionNode = FALSE
	EndGlobalSection
	GlobalSection(ExtensibilityGlobals) = postSolution
		SolutionGuid = {2356AF18-320D-4937-9F86-69ABD66C4647}
	EndGlobalSection
EndGlobal
